PODS:
  - Alamofire (4.9.1)
  - Faye (2.0.0):
    - Starscream (~> 3.1)
  - GetStream (2.1.0):
    - GetStream/Core (= 2.1.0)
    - GetStream/Faye (= 2.1.0)
  - GetStream/Core (2.1.0):
    - Moya (~> 13.0)
    - Swime (~> 3.0)
  - GetStream/Faye (2.1.0):
    - Faye
    - GetStream/Core
  - Moya (13.0.1):
    - Moya/Core (= 13.0.1)
  - Moya/Core (13.0.1):
    - Alamofire (~> 4.1)
    - Result (~> 4.1)
  - Nuke (10.7.1)
  - Result (4.1.0)
  - Reusable (4.1.2):
    - Reusable/Storyboard (= 4.1.2)
    - Reusable/View (= 4.1.2)
  - Reusable/Storyboard (4.1.2)
  - Reusable/View (4.1.2)
  - SnapKit (5.6.0)
  - Starscream (3.1.1)
  - Swime (3.0.6)

DEPENDENCIES:
  - GetStream
  - Nuke (~> 10.7.1)
  - Reusable (~> 4.1.2)
  - SnapKit (~> 5.6.0)

SPEC REPOS:
  trunk:
    - Alamofire
    - Faye
    - GetStream
    - Moya
    - Nuke
    - Result
    - Reusable
    - SnapKit
    - Starscream
    - Swime

SPEC CHECKSUMS:
  Alamofire: 85e8a02c69d6020a0d734f6054870d7ecb75cf18
  Faye: be7f08638a7c27da87714716ab5bfc970d4eda6d
  GetStream: 3850b3f7e0ba262cbbb3e1382b43b58b3df60fbc
  Moya: f4a4b80ff2f8a4ffc208dfb31cd91636622fee6e
  Nuke: 279f17a599fd1c83cf51de5e0e1f2db143a287b0
  Result: bd966fac789cc6c1563440b348ab2598cc24d5c7
  Reusable: 6bae6a5e8aa793c9c441db0213c863a64bce9136
  SnapKit: e01d52ebb8ddbc333eefe2132acf85c8227d9c25
  Starscream: 4bb2f9942274833f7b4d296a55504dcfc7edb7b0
  Swime: d7b2c277503b6cea317774aedc2dce05613f8b0b

PODFILE CHECKSUM: b1dd3df85d1598616306de82e1d1b71eeb0e75b2

COCOAPODS: 1.11.3
